// !$*UTF8*$!
{
	archiveVersion = 1;
	classes = {
	};
	objectVersion = 50;
	objects = {

/* Begin PBXBuildFile section */
		900D093F21C7FF8B009EB7BA /* DetailViewController.swift in Sources */ = {isa = PBXBuildFile; fileRef = 900D093E21C7FF8B009EB7BA /* DetailViewController.swift */; };
		900D0EA421AD5F9300AE536C /* Assets.xcassets in Resources */ = {isa = PBXBuildFile; fileRef = 900D0EA321AD5F9300AE536C /* Assets.xcassets */; };
		9030216A21AD661600FFAAD8 /* LaunchScreen.storyboard in Resources */ = {isa = PBXBuildFile; fileRef = 90981DC721AC076200DD3C86 /* LaunchScreen.storyboard */; };
		903E83AE21B5755C00D687CC /* ListTableViewCell.swift in Sources */ = {isa = PBXBuildFile; fileRef = 903E83AD21B5755C00D687CC /* ListTableViewCell.swift */; };
		904CC2F521B6C840003A117A /* YummlyService.swift in Sources */ = {isa = PBXBuildFile; fileRef = 904CC2F421B6C840003A117A /* YummlyService.swift */; };
		904CC2F721B6C88A003A117A /* APIAssets.swift in Sources */ = {isa = PBXBuildFile; fileRef = 904CC2F621B6C88A003A117A /* APIAssets.swift */; };
		904CC2FC21B6D141003A117A /* Credentials.swift in Sources */ = {isa = PBXBuildFile; fileRef = 904CC2FB21B6D141003A117A /* Credentials.swift */; };
		905DB16821B91C4500EF4F83 /* Ingredients.swift in Sources */ = {isa = PBXBuildFile; fileRef = 905DB16721B91C4500EF4F83 /* Ingredients.swift */; };
		9070221D21AD909A004D8BD1 /* SourceSansPro-Light.otf in Resources */ = {isa = PBXBuildFile; fileRef = 9070221B21AD909A004D8BD1 /* SourceSansPro-Light.otf */; };
		9070221E21AD909A004D8BD1 /* SourceSansPro-Regular.otf in Resources */ = {isa = PBXBuildFile; fileRef = 9070221C21AD909A004D8BD1 /* SourceSansPro-Regular.otf */; };
		907267E021ADAE30008AE480 /* IngredientViewController.swift in Sources */ = {isa = PBXBuildFile; fileRef = 907267DF21ADAE30008AE480 /* IngredientViewController.swift */; };
		908F334321BAD3E8009E8D9A /* UIID.swift in Sources */ = {isa = PBXBuildFile; fileRef = 908F334221BAD3E8009E8D9A /* UIID.swift */; };
		90981DBF21AC076100DD3C86 /* AppDelegate.swift in Sources */ = {isa = PBXBuildFile; fileRef = 90981DBE21AC076100DD3C86 /* AppDelegate.swift */; };
		90981DC421AC076100DD3C86 /* Main.storyboard in Resources */ = {isa = PBXBuildFile; fileRef = 90981DC221AC076100DD3C86 /* Main.storyboard */; };
		90981DD321AC504D00DD3C86 /* ImageEnum.swift in Sources */ = {isa = PBXBuildFile; fileRef = 90981DD221AC504D00DD3C86 /* ImageEnum.swift */; };
		90CD56E321C2B75500F192A2 /* String+FormatUserInput.swift in Sources */ = {isa = PBXBuildFile; fileRef = 90CD56E221C2B75500F192A2 /* String+FormatUserInput.swift */; };
		90E8A41121AE949B005D3751 /* RecipeViewController.swift in Sources */ = {isa = PBXBuildFile; fileRef = 90E8A41021AE949B005D3751 /* RecipeViewController.swift */; };
		90FE739B21B7F4DD009A3AE1 /* Recipes.swift in Sources */ = {isa = PBXBuildFile; fileRef = 90FE739A21B7F4DD009A3AE1 /* Recipes.swift */; };
		C43088F665729A156C493663 /* Pods_Reciplease.framework in Frameworks */ = {isa = PBXBuildFile; fileRef = 1B231B05EE2A91CE401335CD /* Pods_Reciplease.framework */; };
/* End PBXBuildFile section */

/* Begin PBXFileReference section */
		1B231B05EE2A91CE401335CD /* Pods_Reciplease.framework */ = {isa = PBXFileReference; explicitFileType = wrapper.framework; includeInIndex = 0; path = Pods_Reciplease.framework; sourceTree = BUILT_PRODUCTS_DIR; };
		75844881487949A9F89BEEB9 /* Pods-Reciplease.release.xcconfig */ = {isa = PBXFileReference; includeInIndex = 1; lastKnownFileType = text.xcconfig; name = "Pods-Reciplease.release.xcconfig"; path = "Pods/Target Support Files/Pods-Reciplease/Pods-Reciplease.release.xcconfig"; sourceTree = "<group>"; };
		7C59ED8A262027E360A5C44A /* Pods-Reciplease.debug.xcconfig */ = {isa = PBXFileReference; includeInIndex = 1; lastKnownFileType = text.xcconfig; name = "Pods-Reciplease.debug.xcconfig"; path = "Pods/Target Support Files/Pods-Reciplease/Pods-Reciplease.debug.xcconfig"; sourceTree = "<group>"; };
		900D093E21C7FF8B009EB7BA /* DetailViewController.swift */ = {isa = PBXFileReference; lastKnownFileType = sourcecode.swift; path = DetailViewController.swift; sourceTree = "<group>"; };
		900D0EA321AD5F9300AE536C /* Assets.xcassets */ = {isa = PBXFileReference; lastKnownFileType = folder.assetcatalog; path = Assets.xcassets; sourceTree = "<group>"; };
		903E83AD21B5755C00D687CC /* ListTableViewCell.swift */ = {isa = PBXFileReference; lastKnownFileType = sourcecode.swift; path = ListTableViewCell.swift; sourceTree = "<group>"; };
		904CC2F421B6C840003A117A /* YummlyService.swift */ = {isa = PBXFileReference; lastKnownFileType = sourcecode.swift; path = YummlyService.swift; sourceTree = "<group>"; };
		904CC2F621B6C88A003A117A /* APIAssets.swift */ = {isa = PBXFileReference; lastKnownFileType = sourcecode.swift; path = APIAssets.swift; sourceTree = "<group>"; };
		904CC2FB21B6D141003A117A /* Credentials.swift */ = {isa = PBXFileReference; lastKnownFileType = sourcecode.swift; path = Credentials.swift; sourceTree = "<group>"; };
		905DB16721B91C4500EF4F83 /* Ingredients.swift */ = {isa = PBXFileReference; lastKnownFileType = sourcecode.swift; path = Ingredients.swift; sourceTree = "<group>"; };
		9070221B21AD909A004D8BD1 /* SourceSansPro-Light.otf */ = {isa = PBXFileReference; lastKnownFileType = file; path = "SourceSansPro-Light.otf"; sourceTree = "<group>"; };
		9070221C21AD909A004D8BD1 /* SourceSansPro-Regular.otf */ = {isa = PBXFileReference; lastKnownFileType = file; path = "SourceSansPro-Regular.otf"; sourceTree = "<group>"; };
		907267DF21ADAE30008AE480 /* IngredientViewController.swift */ = {isa = PBXFileReference; lastKnownFileType = sourcecode.swift; name = IngredientViewController.swift; path = ../Controller/IngredientViewController.swift; sourceTree = "<group>"; };
		908F334221BAD3E8009E8D9A /* UIID.swift */ = {isa = PBXFileReference; lastKnownFileType = sourcecode.swift; path = UIID.swift; sourceTree = "<group>"; };
		90981DBB21AC076100DD3C86 /* Reciplease.app */ = {isa = PBXFileReference; explicitFileType = wrapper.application; includeInIndex = 0; path = Reciplease.app; sourceTree = BUILT_PRODUCTS_DIR; };
		90981DBE21AC076100DD3C86 /* AppDelegate.swift */ = {isa = PBXFileReference; lastKnownFileType = sourcecode.swift; path = AppDelegate.swift; sourceTree = "<group>"; };
		90981DC321AC076100DD3C86 /* Base */ = {isa = PBXFileReference; lastKnownFileType = file.storyboard; name = Base; path = Base.lproj/Main.storyboard; sourceTree = "<group>"; };
		90981DC821AC076200DD3C86 /* Base */ = {isa = PBXFileReference; lastKnownFileType = file.storyboard; name = Base; path = Base.lproj/LaunchScreen.storyboard; sourceTree = "<group>"; };
		90981DCA21AC076200DD3C86 /* Info.plist */ = {isa = PBXFileReference; lastKnownFileType = text.plist.xml; path = Info.plist; sourceTree = "<group>"; };
		90981DD221AC504D00DD3C86 /* ImageEnum.swift */ = {isa = PBXFileReference; lastKnownFileType = sourcecode.swift; path = ImageEnum.swift; sourceTree = "<group>"; };
		90CD56E221C2B75500F192A2 /* String+FormatUserInput.swift */ = {isa = PBXFileReference; lastKnownFileType = sourcecode.swift; path = "String+FormatUserInput.swift"; sourceTree = "<group>"; };
		90E8A41021AE949B005D3751 /* RecipeViewController.swift */ = {isa = PBXFileReference; lastKnownFileType = sourcecode.swift; name = RecipeViewController.swift; path = ../Controller/RecipeViewController.swift; sourceTree = "<group>"; };
		90FE739A21B7F4DD009A3AE1 /* Recipes.swift */ = {isa = PBXFileReference; fileEncoding = 4; lastKnownFileType = sourcecode.swift; path = Recipes.swift; sourceTree = "<group>"; };
/* End PBXFileReference section */

/* Begin PBXFrameworksBuildPhase section */
		90981DB821AC076100DD3C86 /* Frameworks */ = {
			isa = PBXFrameworksBuildPhase;
			buildActionMask = 2147483647;
			files = (
				C43088F665729A156C493663 /* Pods_Reciplease.framework in Frameworks */,
			);
			runOnlyForDeploymentPostprocessing = 0;
		};
/* End PBXFrameworksBuildPhase section */

/* Begin PBXGroup section */
		904CC2FA21B6D07B003A117A /* Networking */ = {
			isa = PBXGroup;
			children = (
				904CC2FB21B6D141003A117A /* Credentials.swift */,
				904CC2F421B6C840003A117A /* YummlyService.swift */,
				904CC2F621B6C88A003A117A /* APIAssets.swift */,
			);
			path = Networking;
			sourceTree = "<group>";
		};
		907267E121ADAE42008AE480 /* Controller */ = {
			isa = PBXGroup;
			children = (
				907267DF21ADAE30008AE480 /* IngredientViewController.swift */,
				90E8A41021AE949B005D3751 /* RecipeViewController.swift */,
				900D093E21C7FF8B009EB7BA /* DetailViewController.swift */,
			);
			path = Controller;
			sourceTree = "<group>";
		};
		90981DB221AC076100DD3C86 = {
			isa = PBXGroup;
			children = (
				90981DBD21AC076100DD3C86 /* Reciplease */,
				90981DBC21AC076100DD3C86 /* Products */,
				AA8650A5D855D188DB8E16A6 /* Pods */,
				D2BE26CD1BBBA606856E5FF8 /* Frameworks */,
			);
			sourceTree = "<group>";
		};
		90981DBC21AC076100DD3C86 /* Products */ = {
			isa = PBXGroup;
			children = (
				90981DBB21AC076100DD3C86 /* Reciplease.app */,
			);
			name = Products;
			sourceTree = "<group>";
		};
		90981DBD21AC076100DD3C86 /* Reciplease */ = {
			isa = PBXGroup;
			children = (
				90CD56E421C2B95B00F192A2 /* Model */,
				90981DD121AC07FF00DD3C86 /* View */,
				907267E121ADAE42008AE480 /* Controller */,
				904CC2FA21B6D07B003A117A /* Networking */,
				90CD56E521C2B96700F192A2 /* Extension */,
				90981DD021AC079700DD3C86 /* Supporting Files */,
			);
			path = Reciplease;
			sourceTree = "<group>";
		};
		90981DD021AC079700DD3C86 /* Supporting Files */ = {
			isa = PBXGroup;
			children = (
				90981DBE21AC076100DD3C86 /* AppDelegate.swift */,
				90981DCA21AC076200DD3C86 /* Info.plist */,
				900D0EA321AD5F9300AE536C /* Assets.xcassets */,
				9070221B21AD909A004D8BD1 /* SourceSansPro-Light.otf */,
				9070221C21AD909A004D8BD1 /* SourceSansPro-Regular.otf */,
			);
			path = "Supporting Files";
			sourceTree = "<group>";
		};
		90981DD121AC07FF00DD3C86 /* View */ = {
			isa = PBXGroup;
			children = (
				903E83AD21B5755C00D687CC /* ListTableViewCell.swift */,
				90981DD221AC504D00DD3C86 /* ImageEnum.swift */,
				908F334221BAD3E8009E8D9A /* UIID.swift */,
				90981DC221AC076100DD3C86 /* Main.storyboard */,
				90981DC721AC076200DD3C86 /* LaunchScreen.storyboard */,
			);
			path = View;
			sourceTree = "<group>";
		};
		90CD56E421C2B95B00F192A2 /* Model */ = {
			isa = PBXGroup;
			children = (
				905DB16721B91C4500EF4F83 /* Ingredients.swift */,
				90FE739A21B7F4DD009A3AE1 /* Recipes.swift */,
			);
			path = Model;
			sourceTree = "<group>";
		};
		90CD56E521C2B96700F192A2 /* Extension */ = {
			isa = PBXGroup;
			children = (
				90CD56E221C2B75500F192A2 /* String+FormatUserInput.swift */,
			);
			path = Extension;
			sourceTree = "<group>";
		};
		AA8650A5D855D188DB8E16A6 /* Pods */ = {
			isa = PBXGroup;
			children = (
				7C59ED8A262027E360A5C44A /* Pods-Reciplease.debug.xcconfig */,
				75844881487949A9F89BEEB9 /* Pods-Reciplease.release.xcconfig */,
			);
			name = Pods;
			sourceTree = "<group>";
		};
		D2BE26CD1BBBA606856E5FF8 /* Frameworks */ = {
			isa = PBXGroup;
			children = (
				1B231B05EE2A91CE401335CD /* Pods_Reciplease.framework */,
			);
			name = Frameworks;
			sourceTree = "<group>";
		};
/* End PBXGroup section */

/* Begin PBXNativeTarget section */
		90981DBA21AC076100DD3C86 /* Reciplease */ = {
			isa = PBXNativeTarget;
			buildConfigurationList = 90981DCD21AC076200DD3C86 /* Build configuration list for PBXNativeTarget "Reciplease" */;
			buildPhases = (
				7F7198358565056EBF6AF033 /* [CP] Check Pods Manifest.lock */,
				90981DB721AC076100DD3C86 /* Sources */,
				90981DB821AC076100DD3C86 /* Frameworks */,
				90981DB921AC076100DD3C86 /* Resources */,
				2639C2022189B067DC313F01 /* [CP] Embed Pods Frameworks */,
			);
			buildRules = (
			);
			dependencies = (
			);
			name = Reciplease;
			productName = Reciplease;
			productReference = 90981DBB21AC076100DD3C86 /* Reciplease.app */;
			productType = "com.apple.product-type.application";
		};
/* End PBXNativeTarget section */

/* Begin PBXProject section */
		90981DB321AC076100DD3C86 /* Project object */ = {
			isa = PBXProject;
			attributes = {
				LastSwiftUpdateCheck = 1010;
				LastUpgradeCheck = 1010;
				ORGANIZATIONNAME = Morgan;
				TargetAttributes = {
					90981DBA21AC076100DD3C86 = {
						CreatedOnToolsVersion = 10.1;
					};
				};
			};
			buildConfigurationList = 90981DB621AC076100DD3C86 /* Build configuration list for PBXProject "Reciplease" */;
			compatibilityVersion = "Xcode 9.3";
			developmentRegion = en;
			hasScannedForEncodings = 0;
			knownRegions = (
				en,
				Base,
			);
			mainGroup = 90981DB221AC076100DD3C86;
			productRefGroup = 90981DBC21AC076100DD3C86 /* Products */;
			projectDirPath = "";
			projectRoot = "";
			targets = (
				90981DBA21AC076100DD3C86 /* Reciplease */,
			);
		};
/* End PBXProject section */

/* Begin PBXResourcesBuildPhase section */
		90981DB921AC076100DD3C86 /* Resources */ = {
			isa = PBXResourcesBuildPhase;
			buildActionMask = 2147483647;
			files = (
				9070221E21AD909A004D8BD1 /* SourceSansPro-Regular.otf in Resources */,
				9030216A21AD661600FFAAD8 /* LaunchScreen.storyboard in Resources */,
				900D0EA421AD5F9300AE536C /* Assets.xcassets in Resources */,
				9070221D21AD909A004D8BD1 /* SourceSansPro-Light.otf in Resources */,
				90981DC421AC076100DD3C86 /* Main.storyboard in Resources */,
			);
			runOnlyForDeploymentPostprocessing = 0;
		};
/* End PBXResourcesBuildPhase section */

/* Begin PBXShellScriptBuildPhase section */
		2639C2022189B067DC313F01 /* [CP] Embed Pods Frameworks */ = {
			isa = PBXShellScriptBuildPhase;
			buildActionMask = 2147483647;
			files = (
			);
			inputFileListPaths = (
			);
			inputPaths = (
				"${SRCROOT}/Pods/Target Support Files/Pods-Reciplease/Pods-Reciplease-frameworks.sh",
				"${BUILT_PRODUCTS_DIR}/Alamofire/Alamofire.framework",
			);
			name = "[CP] Embed Pods Frameworks";
			outputFileListPaths = (
			);
			outputPaths = (
				"${TARGET_BUILD_DIR}/${FRAMEWORKS_FOLDER_PATH}/Alamofire.framework",
			);
			runOnlyForDeploymentPostprocessing = 0;
			shellPath = /bin/sh;
			shellScript = "\"${SRCROOT}/Pods/Target Support Files/Pods-Reciplease/Pods-Reciplease-frameworks.sh\"\n";
			showEnvVarsInLog = 0;
		};
		7F7198358565056EBF6AF033 /* [CP] Check Pods Manifest.lock */ = {
			isa = PBXShellScriptBuildPhase;
			buildActionMask = 2147483647;
			files = (
			);
			inputFileListPaths = (
			);
			inputPaths = (
				"${PODS_PODFILE_DIR_PATH}/Podfile.lock",
				"${PODS_ROOT}/Manifest.lock",
			);
			name = "[CP] Check Pods Manifest.lock";
			outputFileListPaths = (
			);
			outputPaths = (
				"$(DERIVED_FILE_DIR)/Pods-Reciplease-checkManifestLockResult.txt",
			);
			runOnlyForDeploymentPostprocessing = 0;
			shellPath = /bin/sh;
			shellScript = "diff \"${PODS_PODFILE_DIR_PATH}/Podfile.lock\" \"${PODS_ROOT}/Manifest.lock\" > /dev/null\nif [ $? != 0 ] ; then\n    # print error to STDERR\n    echo \"error: The sandbox is not in sync with the Podfile.lock. Run 'pod install' or update your CocoaPods installation.\" >&2\n    exit 1\nfi\n# This output is used by Xcode 'outputs' to avoid re-running this script phase.\necho \"SUCCESS\" > \"${SCRIPT_OUTPUT_FILE_0}\"\n";
			showEnvVarsInLog = 0;
		};
/* End PBXShellScriptBuildPhase section */

/* Begin PBXSourcesBuildPhase section */
		90981DB721AC076100DD3C86 /* Sources */ = {
			isa = PBXSourcesBuildPhase;
			buildActionMask = 2147483647;
			files = (
				900D093F21C7FF8B009EB7BA /* DetailViewController.swift in Sources */,
				90E8A41121AE949B005D3751 /* RecipeViewController.swift in Sources */,
				90981DBF21AC076100DD3C86 /* AppDelegate.swift in Sources */,
				904CC2F721B6C88A003A117A /* APIAssets.swift in Sources */,
				904CC2F521B6C840003A117A /* YummlyService.swift in Sources */,
				907267E021ADAE30008AE480 /* IngredientViewController.swift in Sources */,
				90981DD321AC504D00DD3C86 /* ImageEnum.swift in Sources */,
				90FE739B21B7F4DD009A3AE1 /* Recipes.swift in Sources */,
				908F334321BAD3E8009E8D9A /* UIID.swift in Sources */,
				904CC2FC21B6D141003A117A /* Credentials.swift in Sources */,
				905DB16821B91C4500EF4F83 /* Ingredients.swift in Sources */,
				90CD56E321C2B75500F192A2 /* String+FormatUserInput.swift in Sources */,
				903E83AE21B5755C00D687CC /* ListTableViewCell.swift in Sources */,
			);
			runOnlyForDeploymentPostprocessing = 0;
		};
/* End PBXSourcesBuildPhase section */

/* Begin PBXVariantGroup section */
		90981DC221AC076100DD3C86 /* Main.storyboard */ = {
			isa = PBXVariantGroup;
			children = (
				90981DC321AC076100DD3C86 /* Base */,
			);
			name = Main.storyboard;
			sourceTree = "<group>";
		};
		90981DC721AC076200DD3C86 /* LaunchScreen.storyboard */ = {
			isa = PBXVariantGroup;
			children = (
				90981DC821AC076200DD3C86 /* Base */,
			);
			name = LaunchScreen.storyboard;
			sourceTree = "<group>";
		};
/* End PBXVariantGroup section */

/* Begin XCBuildConfiguration section */
		90981DCB21AC076200DD3C86 /* Debug */ = {
			isa = XCBuildConfiguration;
			buildSettings = {
				ALWAYS_SEARCH_USER_PATHS = NO;
				CLANG_ANALYZER_NONNULL = YES;
				CLANG_ANALYZER_NUMBER_OBJECT_CONVERSION = YES_AGGRESSIVE;
				CLANG_CXX_LANGUAGE_STANDARD = "gnu++14";
				CLANG_CXX_LIBRARY = "libc++";
				CLANG_ENABLE_MODULES = YES;
				CLANG_ENABLE_OBJC_ARC = YES;
				CLANG_ENABLE_OBJC_WEAK = YES;
				CLANG_WARN_BLOCK_CAPTURE_AUTORELEASING = YES;
				CLANG_WARN_BOOL_CONVERSION = YES;
				CLANG_WARN_COMMA = YES;
				CLANG_WARN_CONSTANT_CONVERSION = YES;
				CLANG_WARN_DEPRECATED_OBJC_IMPLEMENTATIONS = YES;
				CLANG_WARN_DIRECT_OBJC_ISA_USAGE = YES_ERROR;
				CLANG_WARN_DOCUMENTATION_COMMENTS = YES;
				CLANG_WARN_EMPTY_BODY = YES;
				CLANG_WARN_ENUM_CONVERSION = YES;
				CLANG_WARN_INFINITE_RECURSION = YES;
				CLANG_WARN_INT_CONVERSION = YES;
				CLANG_WARN_NON_LITERAL_NULL_CONVERSION = YES;
				CLANG_WARN_OBJC_IMPLICIT_RETAIN_SELF = YES;
				CLANG_WARN_OBJC_LITERAL_CONVERSION = YES;
				CLANG_WARN_OBJC_ROOT_CLASS = YES_ERROR;
				CLANG_WARN_RANGE_LOOP_ANALYSIS = YES;
				CLANG_WARN_STRICT_PROTOTYPES = YES;
				CLANG_WARN_SUSPICIOUS_MOVE = YES;
				CLANG_WARN_UNGUARDED_AVAILABILITY = YES_AGGRESSIVE;
				CLANG_WARN_UNREACHABLE_CODE = YES;
				CLANG_WARN__DUPLICATE_METHOD_MATCH = YES;
				CODE_SIGN_IDENTITY = "iPhone Developer";
				COPY_PHASE_STRIP = NO;
				DEBUG_INFORMATION_FORMAT = dwarf;
				ENABLE_STRICT_OBJC_MSGSEND = YES;
				ENABLE_TESTABILITY = YES;
				GCC_C_LANGUAGE_STANDARD = gnu11;
				GCC_DYNAMIC_NO_PIC = NO;
				GCC_NO_COMMON_BLOCKS = YES;
				GCC_OPTIMIZATION_LEVEL = 0;
				GCC_PREPROCESSOR_DEFINITIONS = (
					"DEBUG=1",
					"$(inherited)",
				);
				GCC_WARN_64_TO_32_BIT_CONVERSION = YES;
				GCC_WARN_ABOUT_RETURN_TYPE = YES_ERROR;
				GCC_WARN_UNDECLARED_SELECTOR = YES;
				GCC_WARN_UNINITIALIZED_AUTOS = YES_AGGRESSIVE;
				GCC_WARN_UNUSED_FUNCTION = YES;
				GCC_WARN_UNUSED_VARIABLE = YES;
				IPHONEOS_DEPLOYMENT_TARGET = 11.0;
				MTL_ENABLE_DEBUG_INFO = INCLUDE_SOURCE;
				MTL_FAST_MATH = YES;
				ONLY_ACTIVE_ARCH = YES;
				SDKROOT = iphoneos;
				SWIFT_ACTIVE_COMPILATION_CONDITIONS = DEBUG;
				SWIFT_OPTIMIZATION_LEVEL = "-Onone";
			};
			name = Debug;
		};
		90981DCC21AC076200DD3C86 /* Release */ = {
			isa = XCBuildConfiguration;
			buildSettings = {
				ALWAYS_SEARCH_USER_PATHS = NO;
				CLANG_ANALYZER_NONNULL = YES;
				CLANG_ANALYZER_NUMBER_OBJECT_CONVERSION = YES_AGGRESSIVE;
				CLANG_CXX_LANGUAGE_STANDARD = "gnu++14";
				CLANG_CXX_LIBRARY = "libc++";
				CLANG_ENABLE_MODULES = YES;
				CLANG_ENABLE_OBJC_ARC = YES;
				CLANG_ENABLE_OBJC_WEAK = YES;
				CLANG_WARN_BLOCK_CAPTURE_AUTORELEASING = YES;
				CLANG_WARN_BOOL_CONVERSION = YES;
				CLANG_WARN_COMMA = YES;
				CLANG_WARN_CONSTANT_CONVERSION = YES;
				CLANG_WARN_DEPRECATED_OBJC_IMPLEMENTATIONS = YES;
				CLANG_WARN_DIRECT_OBJC_ISA_USAGE = YES_ERROR;
				CLANG_WARN_DOCUMENTATION_COMMENTS = YES;
				CLANG_WARN_EMPTY_BODY = YES;
				CLANG_WARN_ENUM_CONVERSION = YES;
				CLANG_WARN_INFINITE_RECURSION = YES;
				CLANG_WARN_INT_CONVERSION = YES;
				CLANG_WARN_NON_LITERAL_NULL_CONVERSION = YES;
				CLANG_WARN_OBJC_IMPLICIT_RETAIN_SELF = YES;
				CLANG_WARN_OBJC_LITERAL_CONVERSION = YES;
				CLANG_WARN_OBJC_ROOT_CLASS = YES_ERROR;
				CLANG_WARN_RANGE_LOOP_ANALYSIS = YES;
				CLANG_WARN_STRICT_PROTOTYPES = YES;
				CLANG_WARN_SUSPICIOUS_MOVE = YES;
				CLANG_WARN_UNGUARDED_AVAILABILITY = YES_AGGRESSIVE;
				CLANG_WARN_UNREACHABLE_CODE = YES;
				CLANG_WARN__DUPLICATE_METHOD_MATCH = YES;
				CODE_SIGN_IDENTITY = "iPhone Developer";
				COPY_PHASE_STRIP = NO;
				DEBUG_INFORMATION_FORMAT = "dwarf-with-dsym";
				ENABLE_NS_ASSERTIONS = NO;
				ENABLE_STRICT_OBJC_MSGSEND = YES;
				GCC_C_LANGUAGE_STANDARD = gnu11;
				GCC_NO_COMMON_BLOCKS = YES;
				GCC_WARN_64_TO_32_BIT_CONVERSION = YES;
				GCC_WARN_ABOUT_RETURN_TYPE = YES_ERROR;
				GCC_WARN_UNDECLARED_SELECTOR = YES;
				GCC_WARN_UNINITIALIZED_AUTOS = YES_AGGRESSIVE;
				GCC_WARN_UNUSED_FUNCTION = YES;
				GCC_WARN_UNUSED_VARIABLE = YES;
				IPHONEOS_DEPLOYMENT_TARGET = 11.0;
				MTL_ENABLE_DEBUG_INFO = NO;
				MTL_FAST_MATH = YES;
				SDKROOT = iphoneos;
				SWIFT_COMPILATION_MODE = wholemodule;
				SWIFT_OPTIMIZATION_LEVEL = "-O";
				VALIDATE_PRODUCT = YES;
			};
			name = Release;
		};
		90981DCE21AC076200DD3C86 /* Debug */ = {
			isa = XCBuildConfiguration;
			baseConfigurationReference = 7C59ED8A262027E360A5C44A /* Pods-Reciplease.debug.xcconfig */;
			buildSettings = {
				ASSETCATALOG_COMPILER_APPICON_NAME = AppIcon;
				CODE_SIGN_STYLE = Automatic;
				DEVELOPMENT_TEAM = 9T22T3H63N;
				INFOPLIST_FILE = "$(SRCROOT)/Reciplease/Supporting Files/Info.plist";
				IPHONEOS_DEPLOYMENT_TARGET = 11.0;
				LD_RUNPATH_SEARCH_PATHS = (
					"$(inherited)",
					"@executable_path/Frameworks",
				);
				PRODUCT_BUNDLE_IDENTIFIER = fr.t8lv4.Reciplease;
				PRODUCT_NAME = "$(TARGET_NAME)";
				SWIFT_VERSION = 4.2;
				TARGETED_DEVICE_FAMILY = 1;
			};
			name = Debug;
		};
		90981DCF21AC076200DD3C86 /* Release */ = {
			isa = XCBuildConfiguration;
			baseConfigurationReference = 75844881487949A9F89BEEB9 /* Pods-Reciplease.release.xcconfig */;
			buildSettings = {
				ASSETCATALOG_COMPILER_APPICON_NAME = AppIcon;
				CODE_SIGN_STYLE = Automatic;
				DEVELOPMENT_TEAM = 9T22T3H63N;
				INFOPLIST_FILE = "$(SRCROOT)/Reciplease/Supporting Files/Info.plist";
				IPHONEOS_DEPLOYMENT_TARGET = 11.0;
				LD_RUNPATH_SEARCH_PATHS = (
					"$(inherited)",
					"@executable_path/Frameworks",
				);
				PRODUCT_BUNDLE_IDENTIFIER = fr.t8lv4.Reciplease;
				PRODUCT_NAME = "$(TARGET_NAME)";
				SWIFT_VERSION = 4.2;
				TARGETED_DEVICE_FAMILY = 1;
			};
			name = Release;
		};
/* End XCBuildConfiguration section */

/* Begin XCConfigurationList section */
		90981DB621AC076100DD3C86 /* Build configuration list for PBXProject "Reciplease" */ = {
			isa = XCConfigurationList;
			buildConfigurations = (
				90981DCB21AC076200DD3C86 /* Debug */,
				90981DCC21AC076200DD3C86 /* Release */,
			);
			defaultConfigurationIsVisible = 0;
			defaultConfigurationName = Release;
		};
		90981DCD21AC076200DD3C86 /* Build configuration list for PBXNativeTarget "Reciplease" */ = {
			isa = XCConfigurationList;
			buildConfigurations = (
				90981DCE21AC076200DD3C86 /* Debug */,
				90981DCF21AC076200DD3C86 /* Release */,
			);
			defaultConfigurationIsVisible = 0;
			defaultConfigurationName = Release;
		};
/* End XCConfigurationList section */
	};
	rootObject = 90981DB321AC076100DD3C86 /* Project object */;
}
